
Microsoft Visual Studio Solution File, Format Version 12.00
# Visual Studio Version 17
VisualStudioVersion = 17.4.33122.133
MinimumVisualStudioVersion = 10.0.40219.1
Project("{FAE04EC0-301F-11D3-BF4B-00C04F79EFBC}") = "PromoteIt.DAL", "ProLobby.DAL\PromoteIt.DAL.csproj", "{251B5F6D-BD45-4811-A72A-ACA61C4388DB}"
EndProject
Project("{FAE04EC0-301F-11D3-BF4B-00C04F79EFBC}") = "PromoteIt.Entities", "ProLobby.Entities\PromoteIt.Entities.csproj", "{BCD51C6E-D460-48A9-B9CA-283CB92E6F3E}"
EndProject
Project("{FAE04EC0-301F-11D3-BF4B-00C04F79EFBC}") = "PromoteIt.Model", "ProLobby.Model\PromoteIt.Model.csproj", "{A99E7C20-AF0F-450F-9A5F-9FD28E5C692B}"
EndProject
Project("{FAE04EC0-301F-11D3-BF4B-00C04F79EFBC}") = "PromoteIt.Data.Sql", "ProLobby.Data.Sql\PromoteIt.Data.Sql.csproj", "{0CA77A69-CE34-4B5B-ABE2-8BB0618A7A28}"
EndProject
Project("{9A19103F-16F7-4668-BE54-9A1E7A4F7556}") = "PromoteIt.Server", "PromoteIt.Campaign\PromoteIt.Server.csproj", "{C61C25ED-AEB9-4D60-AEE5-47893E26A0A3}"
EndProject
Project("{FAE04EC0-301F-11D3-BF4B-00C04F79EFBC}") = "MyUtilities", "..\MyProvider\MyUtilities\MyUtilities.csproj", "{92403615-B0E9-42C2-AEEA-0EABCF050F87}"
EndProject
Global
	GlobalSection(SolutionConfigurationPlatforms) = preSolution
		Debug|Any CPU = Debug|Any CPU
		Release|Any CPU = Release|Any CPU
	EndGlobalSection
	GlobalSection(ProjectConfigurationPlatforms) = postSolution
		{251B5F6D-BD45-4811-A72A-ACA61C4388DB}.Debug|Any CPU.ActiveCfg = Debug|Any CPU
		{251B5F6D-BD45-4811-A72A-ACA61C4388DB}.Debug|Any CPU.Build.0 = Debug|Any CPU
		{251B5F6D-BD45-4811-A72A-ACA61C4388DB}.Release|Any CPU.ActiveCfg = Release|Any CPU
		{251B5F6D-BD45-4811-A72A-ACA61C4388DB}.Release|Any CPU.Build.0 = Release|Any CPU
		{BCD51C6E-D460-48A9-B9CA-283CB92E6F3E}.Debug|Any CPU.ActiveCfg = Debug|Any CPU
		{BCD51C6E-D460-48A9-B9CA-283CB92E6F3E}.Debug|Any CPU.Build.0 = Debug|Any CPU
		{BCD51C6E-D460-48A9-B9CA-283CB92E6F3E}.Release|Any CPU.ActiveCfg = Release|Any CPU
		{BCD51C6E-D460-48A9-B9CA-283CB92E6F3E}.Release|Any CPU.Build.0 = Release|Any CPU
		{A99E7C20-AF0F-450F-9A5F-9FD28E5C692B}.Debug|Any CPU.ActiveCfg = Debug|Any CPU
		{A99E7C20-AF0F-450F-9A5F-9FD28E5C692B}.Debug|Any CPU.Build.0 = Debug|Any CPU
		{A99E7C20-AF0F-450F-9A5F-9FD28E5C692B}.Release|Any CPU.ActiveCfg = Release|Any CPU
		{A99E7C20-AF0F-450F-9A5F-9FD28E5C692B}.Release|Any CPU.Build.0 = Release|Any CPU
		{0CA77A69-CE34-4B5B-ABE2-8BB0618A7A28}.Debug|Any CPU.ActiveCfg = Debug|Any CPU
		{0CA77A69-CE34-4B5B-ABE2-8BB0618A7A28}.Debug|Any CPU.Build.0 = Debug|Any CPU
		{0CA77A69-CE34-4B5B-ABE2-8BB0618A7A28}.Release|Any CPU.ActiveCfg = Release|Any CPU
		{0CA77A69-CE34-4B5B-ABE2-8BB0618A7A28}.Release|Any CPU.Build.0 = Release|Any CPU
		{C61C25ED-AEB9-4D60-AEE5-47893E26A0A3}.Debug|Any CPU.ActiveCfg = Debug|Any CPU
		{C61C25ED-AEB9-4D60-AEE5-47893E26A0A3}.Debug|Any CPU.Build.0 = Debug|Any CPU
		{C61C25ED-AEB9-4D60-AEE5-47893E26A0A3}.Release|Any CPU.ActiveCfg = Release|Any CPU
		{C61C25ED-AEB9-4D60-AEE5-47893E26A0A3}.Release|Any CPU.Build.0 = Release|Any CPU
		{92403615-B0E9-42C2-AEEA-0EABCF050F87}.Debug|Any CPU.ActiveCfg = Debug|Any CPU
		{92403615-B0E9-42C2-AEEA-0EABCF050F87}.Debug|Any CPU.Build.0 = Debug|Any CPU
		{92403615-B0E9-42C2-AEEA-0EABCF050F87}.Release|Any CPU.ActiveCfg = Release|Any CPU
		{92403615-B0E9-42C2-AEEA-0EABCF050F87}.Release|Any CPU.Build.0 = Release|Any CPU
	EndGlobalSection
	GlobalSection(SolutionProperties) = preSolution
		HideSolutionNode = FALSE
	EndGlobalSection
	GlobalSection(ExtensibilityGlobals) = postSolution
		SolutionGuid = {60A23029-DBF2-4AF8-8AC2-4E01C14ECEA6}
	EndGlobalSection
EndGlobal
